// !$*UTF8*$!
{
	archiveVersion = 1;
	classes = {
	};
	objectVersion = 77;
	objects = {

/* Begin PBXBuildFile section */
		122F16A9EBF02370080143FF /* Assets.xcassets in Resources */ = {isa = PBXBuildFile; fileRef = CE4646EBE4325CD6F958179C /* Assets.xcassets */; };
		124A8F6FB1586D43CC697715 /* DownloadCoordinator.swift in Sources */ = {isa = PBXBuildFile; fileRef = 9FCD88F88010E7B16D6FA377 /* DownloadCoordinator.swift */; };
		2BD2A280A70F5B947A7F26C6 /* XPullToRefresh.js in Resources */ = {isa = PBXBuildFile; fileRef = 1C0345B6D91B1652A3B24F83 /* XPullToRefresh.js */; };
		3C0E739EE02289BD6C44FA43 /* PrivacyInfo.xcprivacy in Resources */ = {isa = PBXBuildFile; fileRef = 0E7DB71A141E1A9B60A5DB43 /* PrivacyInfo.xcprivacy */; };
		6E809CA6EF324EE22001C4B7 /* BrowserPolicy.swift in Sources */ = {isa = PBXBuildFile; fileRef = 61C58F11D6862AC466946BF7 /* BrowserPolicy.swift */; };
		A76820B5AFB9915E56A18D57 /* ReviewDemo in Resources */ = {isa = PBXBuildFile; fileRef = 38F76766039D49F092BC52B6 /* ReviewDemo */; };
		C7AD0BDAC794276B94AD670C /* main.swift in Sources */ = {isa = PBXBuildFile; fileRef = 7907305D39AC2DCEE12BFC4D /* main.swift */; };
		ECB7938C9288F326FEF23AB8 /* RefreshSafety.js in Resources */ = {isa = PBXBuildFile; fileRef = 5751993C5149C60E3FC9DFF5 /* RefreshSafety.js */; };
		F88292838B25643A431975D4 /* Localizable.strings in Resources */ = {isa = PBXBuildFile; fileRef = BA2A5DB69423231B32189760 /* Localizable.strings */; };
/* End PBXBuildFile section */

/* Begin PBXFileReference section */
		0E7DB71A141E1A9B60A5DB43 /* PrivacyInfo.xcprivacy */ = {isa = PBXFileReference; path = PrivacyInfo.xcprivacy; sourceTree = "<group>"; };
		1C0345B6D91B1652A3B24F83 /* XPullToRefresh.js */ = {isa = PBXFileReference; lastKnownFileType = sourcecode.javascript; path = XPullToRefresh.js; sourceTree = "<group>"; };
		38F76766039D49F092BC52B6 /* ReviewDemo */ = {isa = PBXFileReference; lastKnownFileType = folder; name = ReviewDemo; path = Resources/ReviewDemo; sourceTree = SOURCE_ROOT; };
		5751993C5149C60E3FC9DFF5 /* RefreshSafety.js */ = {isa = PBXFileReference; lastKnownFileType = sourcecode.javascript; path = RefreshSafety.js; sourceTree = "<group>"; };
		61C58F11D6862AC466946BF7 /* BrowserPolicy.swift */ = {isa = PBXFileReference; lastKnownFileType = sourcecode.swift; path = BrowserPolicy.swift; sourceTree = "<group>"; };
		7907305D39AC2DCEE12BFC4D /* main.swift */ = {isa = PBXFileReference; lastKnownFileType = sourcecode.swift; path = main.swift; sourceTree = "<group>"; };
		8D7AFEDCA3812C483957CCFC /* TriColumns.app */ = {isa = PBXFileReference; explicitFileType = wrapper.application; includeInIndex = 0; path = TriColumns.app; sourceTree = BUILT_PRODUCTS_DIR; };
		9FCD88F88010E7B16D6FA377 /* DownloadCoordinator.swift */ = {isa = PBXFileReference; lastKnownFileType = sourcecode.swift; path = DownloadCoordinator.swift; sourceTree = "<group>"; };
		A4488B9DDE6A3E63C9A0D906 /* en */ = {isa = PBXFileReference; lastKnownFileType = text.plist.strings; name = en; path = en.lproj/Localizable.strings; sourceTree = "<group>"; };
		ADB79010F5496E27C4B40AA1 /* ja */ = {isa = PBXFileReference; lastKnownFileType = text.plist.strings; name = ja; path = ja.lproj/Localizable.strings; sourceTree = "<group>"; };
		CE4646EBE4325CD6F958179C /* Assets.xcassets */ = {isa = PBXFileReference; lastKnownFileType = folder.assetcatalog; path = Assets.xcassets; sourceTree = "<group>"; };
/* End PBXFileReference section */

/* Begin PBXGroup section */
		411D108C90BDE809B3606F0E /* Resources */ = {
			isa = PBXGroup;
			children = (
				CE4646EBE4325CD6F958179C /* Assets.xcassets */,
				0E7DB71A141E1A9B60A5DB43 /* PrivacyInfo.xcprivacy */,
				5751993C5149C60E3FC9DFF5 /* RefreshSafety.js */,
				38F76766039D49F092BC52B6 /* ReviewDemo */,
				1C0345B6D91B1652A3B24F83 /* XPullToRefresh.js */,
				BA2A5DB69423231B32189760 /* Localizable.strings */,
			);
			path = Resources;
			sourceTree = "<group>";
		};
		4FEA68E5BCFD87CAE2BB637A /* TriColumns */ = {
			isa = PBXGroup;
			children = (
				61C58F11D6862AC466946BF7 /* BrowserPolicy.swift */,
				9FCD88F88010E7B16D6FA377 /* DownloadCoordinator.swift */,
				7907305D39AC2DCEE12BFC4D /* main.swift */,
			);
			path = TriColumns;
			sourceTree = "<group>";
		};
		5396B879439D0538EA192EEB = {
			isa = PBXGroup;
			children = (
				411D108C90BDE809B3606F0E /* Resources */,
				57D76CE3859359CC65067CA5 /* Sources */,
				6C622EF1BD0C1F8727482138 /* Products */,
			);
			sourceTree = "<group>";
		};
		57D76CE3859359CC65067CA5 /* Sources */ = {
			isa = PBXGroup;
			children = (
				4FEA68E5BCFD87CAE2BB637A /* TriColumns */,
			);
			path = Sources;
			sourceTree = "<group>";
		};
		6C622EF1BD0C1F8727482138 /* Products */ = {
			isa = PBXGroup;
			children = (
				8D7AFEDCA3812C483957CCFC /* TriColumns.app */,
			);
			name = Products;
			sourceTree = "<group>";
		};
/* End PBXGroup section */

/* Begin PBXNativeTarget section */
		5EB6C48D4B216802E1D927DB /* TriColumns */ = {
			isa = PBXNativeTarget;
			buildConfigurationList = 78F834F68EEABB832E07462B /* Build configuration list for PBXNativeTarget "TriColumns" */;
			buildPhases = (
				9691A784A75A291A1F080F55 /* Sources */,
				EE6930CBB922E62921289390 /* Resources */,
			);
			buildRules = (
			);
			dependencies = (
			);
			name = TriColumns;
			packageProductDependencies = (
			);
			productName = TriColumns;
			productReference = 8D7AFEDCA3812C483957CCFC /* TriColumns.app */;
			productType = "com.apple.product-type.application";
		};
/* End PBXNativeTarget section */

/* Begin PBXProject section */
		F19C17832C87AE3A12A16DFE /* Project object */ = {
			isa = PBXProject;
			attributes = {
				BuildIndependentTargetsInParallel = YES;
				LastUpgradeCheck = 2700;
				TargetAttributes = {
					5EB6C48D4B216802E1D927DB = {
						DevelopmentTeam = 23889H77KX;
						ProvisioningStyle = Automatic;
					};
				};
			};
			buildConfigurationList = 2B283144A22F913587115E62 /* Build configuration list for PBXProject "TriColumns" */;
			developmentRegion = en;
			hasScannedForEncodings = 0;
			knownRegions = (
				Base,
				en,
				ja,
			);
			mainGroup = 5396B879439D0538EA192EEB;
			minimizedProjectReferenceProxies = 1;
			preferredProjectObjectVersion = 77;
			productRefGroup = 6C622EF1BD0C1F8727482138 /* Products */;
			projectDirPath = "";
			projectRoot = "";
			targets = (
				5EB6C48D4B216802E1D927DB /* TriColumns */,
			);
		};
/* End PBXProject section */

/* Begin PBXResourcesBuildPhase section */
		EE6930CBB922E62921289390 /* Resources */ = {
			isa = PBXResourcesBuildPhase;
			buildActionMask = 2147483647;
			files = (
				122F16A9EBF02370080143FF /* Assets.xcassets in Resources */,
				F88292838B25643A431975D4 /* Localizable.strings in Resources */,
				3C0E739EE02289BD6C44FA43 /* PrivacyInfo.xcprivacy in Resources */,
				ECB7938C9288F326FEF23AB8 /* RefreshSafety.js in Resources */,
				A76820B5AFB9915E56A18D57 /* ReviewDemo in Resources */,
				2BD2A280A70F5B947A7F26C6 /* XPullToRefresh.js in Resources */,
			);
			runOnlyForDeploymentPostprocessing = 0;
		};
/* End PBXResourcesBuildPhase section */

/* Begin PBXSourcesBuildPhase section */
		9691A784A75A291A1F080F55 /* Sources */ = {
			isa = PBXSourcesBuildPhase;
			buildActionMask = 2147483647;
			files = (
				6E809CA6EF324EE22001C4B7 /* BrowserPolicy.swift in Sources */,
				124A8F6FB1586D43CC697715 /* DownloadCoordinator.swift in Sources */,
				C7AD0BDAC794276B94AD670C /* main.swift in Sources */,
			);
			runOnlyForDeploymentPostprocessing = 0;
		};
/* End PBXSourcesBuildPhase section */

/* Begin PBXVariantGroup section */
		BA2A5DB69423231B32189760 /* Localizable.strings */ = {
			isa = PBXVariantGroup;
			children = (
				A4488B9DDE6A3E63C9A0D906 /* en */,
				ADB79010F5496E27C4B40AA1 /* ja */,
			);
			name = Localizable.strings;
			sourceTree = "<group>";
		};
/* End PBXVariantGroup section */

/* Begin XCBuildConfiguration section */
		09C60B4861D994C6AEBBE07B /* Release */ = {
			isa = XCBuildConfiguration;
			buildSettings = {
				ALWAYS_SEARCH_USER_PATHS = NO;
				CLANG_ANALYZER_NONNULL = YES;
				CLANG_ANALYZER_NUMBER_OBJECT_CONVERSION = YES_AGGRESSIVE;
				CLANG_CXX_LANGUAGE_STANDARD = "gnu++14";
				CLANG_CXX_LIBRARY = "libc++";
				CLANG_ENABLE_MODULES = YES;
				CLANG_ENABLE_OBJC_ARC = YES;
				CLANG_ENABLE_OBJC_WEAK = YES;
				CLANG_WARN_BLOCK_CAPTURE_AUTORELEASING = YES;
				CLANG_WARN_BOOL_CONVERSION = YES;
				CLANG_WARN_COMMA = YES;
				CLANG_WARN_CONSTANT_CONVERSION = YES;
				CLANG_WARN_DEPRECATED_OBJC_IMPLEMENTATIONS = YES;
				CLANG_WARN_DIRECT_OBJC_ISA_USAGE = YES_ERROR;
				CLANG_WARN_DOCUMENTATION_COMMENTS = YES;
				CLANG_WARN_EMPTY_BODY = YES;
				CLANG_WARN_ENUM_CONVERSION = YES;
				CLANG_WARN_INFINITE_RECURSION = YES;
				CLANG_WARN_INT_CONVERSION = YES;
				CLANG_WARN_NON_LITERAL_NULL_CONVERSION = YES;
				CLANG_WARN_OBJC_IMPLICIT_RETAIN_SELF = YES;
				CLANG_WARN_OBJC_LITERAL_CONVERSION = YES;
				CLANG_WARN_OBJC_ROOT_CLASS = YES_ERROR;
				CLANG_WARN_QUOTED_INCLUDE_IN_FRAMEWORK_HEADER = YES;
				CLANG_WARN_RANGE_LOOP_ANALYSIS = YES;
				CLANG_WARN_STRICT_PROTOTYPES = YES;
				CLANG_WARN_SUSPICIOUS_MOVE = YES;
				CLANG_WARN_UNGUARDED_AVAILABILITY = YES_AGGRESSIVE;
				CLANG_WARN_UNREACHABLE_CODE = YES;
				CLANG_WARN__DUPLICATE_METHOD_MATCH = YES;
				COPY_PHASE_STRIP = NO;
				DEBUG_INFORMATION_FORMAT = "dwarf-with-dsym";
				DEVELOPMENT_TEAM = 23889H77KX;
				ENABLE_NS_ASSERTIONS = NO;
				ENABLE_STRICT_OBJC_MSGSEND = YES;
				GCC_C_LANGUAGE_STANDARD = gnu11;
				GCC_NO_COMMON_BLOCKS = YES;
				GCC_WARN_64_TO_32_BIT_CONVERSION = YES;
				GCC_WARN_ABOUT_RETURN_TYPE = YES_ERROR;
				GCC_WARN_UNDECLARED_SELECTOR = YES;
				GCC_WARN_UNINITIALIZED_AUTOS = YES_AGGRESSIVE;
				GCC_WARN_UNUSED_FUNCTION = YES;
				GCC_WARN_UNUSED_VARIABLE = YES;
				MACOSX_DEPLOYMENT_TARGET = 14.0;
				MTL_ENABLE_DEBUG_INFO = NO;
				MTL_FAST_MATH = YES;
				PRODUCT_NAME = "$(TARGET_NAME)";
				SDKROOT = macosx;
				SWIFT_COMPILATION_MODE = wholemodule;
				SWIFT_OPTIMIZATION_LEVEL = "-O";
				SWIFT_VERSION = 6.0;
			};
			name = Release;
		};
		6FFE0E08004EFB6AE0650D14 /* Release */ = {
			isa = XCBuildConfiguration;
			buildSettings = {
				ASSETCATALOG_COMPILER_APPICON_NAME = AppIcon;
				CODE_SIGN_ENTITLEMENTS = AppBundle/TriColumns.entitlements;
				CODE_SIGN_STYLE = Automatic;
				COMBINE_HIDPI_IMAGES = YES;
				CURRENT_PROJECT_VERSION = 8;
				ENABLE_APP_SANDBOX = YES;
				ENABLE_HARDENED_RUNTIME = YES;
				GENERATE_INFOPLIST_FILE = NO;
				INFOPLIST_FILE = AppBundle/Info.plist;
				LD_RUNPATH_SEARCH_PATHS = "$(inherited) @executable_path/../Frameworks";
				MARKETING_VERSION = 1.1.2;
				PRODUCT_BUNDLE_IDENTIFIER = st.rio.tricolumns;
				PRODUCT_NAME = TriColumns;
				SDKROOT = macosx;
				SWIFT_STRICT_CONCURRENCY = complete;
			};
			name = Release;
		};
		974F5CF2994E64137CA7118F /* Debug */ = {
			isa = XCBuildConfiguration;
			buildSettings = {
				ASSETCATALOG_COMPILER_APPICON_NAME = AppIcon;
				CODE_SIGN_ENTITLEMENTS = AppBundle/TriColumns.entitlements;
				CODE_SIGN_STYLE = Automatic;
				COMBINE_HIDPI_IMAGES = YES;
				CURRENT_PROJECT_VERSION = 8;
				ENABLE_APP_SANDBOX = YES;
				ENABLE_HARDENED_RUNTIME = YES;
				GENERATE_INFOPLIST_FILE = NO;
				INFOPLIST_FILE = AppBundle/Info.plist;
				LD_RUNPATH_SEARCH_PATHS = "$(inherited) @executable_path/../Frameworks";
				MARKETING_VERSION = 1.1.2;
				PRODUCT_BUNDLE_IDENTIFIER = st.rio.tricolumns;
				PRODUCT_NAME = TriColumns;
				SDKROOT = macosx;
				SWIFT_STRICT_CONCURRENCY = complete;
			};
			name = Debug;
		};
		D11B53DD72C7ECDB9BA15C5F /* Debug */ = {
			isa = XCBuildConfiguration;
			buildSettings = {
				ALWAYS_SEARCH_USER_PATHS = NO;
				CLANG_ANALYZER_NONNULL = YES;
				CLANG_ANALYZER_NUMBER_OBJECT_CONVERSION = YES_AGGRESSIVE;
				CLANG_CXX_LANGUAGE_STANDARD = "gnu++14";
				CLANG_CXX_LIBRARY = "libc++";
				CLANG_ENABLE_MODULES = YES;
				CLANG_ENABLE_OBJC_ARC = YES;
				CLANG_ENABLE_OBJC_WEAK = YES;
				CLANG_WARN_BLOCK_CAPTURE_AUTORELEASING = YES;
				CLANG_WARN_BOOL_CONVERSION = YES;
				CLANG_WARN_COMMA = YES;
				CLANG_WARN_CONSTANT_CONVERSION = YES;
				CLANG_WARN_DEPRECATED_OBJC_IMPLEMENTATIONS = YES;
				CLANG_WARN_DIRECT_OBJC_ISA_USAGE = YES_ERROR;
				CLANG_WARN_DOCUMENTATION_COMMENTS = YES;
				CLANG_WARN_EMPTY_BODY = YES;
				CLANG_WARN_ENUM_CONVERSION = YES;
				CLANG_WARN_INFINITE_RECURSION = YES;
				CLANG_WARN_INT_CONVERSION = YES;
				CLANG_WARN_NON_LITERAL_NULL_CONVERSION = YES;
				CLANG_WARN_OBJC_IMPLICIT_RETAIN_SELF = YES;
				CLANG_WARN_OBJC_LITERAL_CONVERSION = YES;
				CLANG_WARN_OBJC_ROOT_CLASS = YES_ERROR;
				CLANG_WARN_QUOTED_INCLUDE_IN_FRAMEWORK_HEADER = YES;
				CLANG_WARN_RANGE_LOOP_ANALYSIS = YES;
				CLANG_WARN_STRICT_PROTOTYPES = YES;
				CLANG_WARN_SUSPICIOUS_MOVE = YES;
				CLANG_WARN_UNGUARDED_AVAILABILITY = YES_AGGRESSIVE;
				CLANG_WARN_UNREACHABLE_CODE = YES;
				CLANG_WARN__DUPLICATE_METHOD_MATCH = YES;
				COPY_PHASE_STRIP = NO;
				DEBUG_INFORMATION_FORMAT = dwarf;
				DEVELOPMENT_TEAM = 23889H77KX;
				ENABLE_STRICT_OBJC_MSGSEND = YES;
				ENABLE_TESTABILITY = YES;
				GCC_C_LANGUAGE_STANDARD = gnu11;
				GCC_DYNAMIC_NO_PIC = NO;
				GCC_NO_COMMON_BLOCKS = YES;
				GCC_OPTIMIZATION_LEVEL = 0;
				GCC_PREPROCESSOR_DEFINITIONS = (
					"$(inherited)",
					"DEBUG=1",
				);
				GCC_WARN_64_TO_32_BIT_CONVERSION = YES;
				GCC_WARN_ABOUT_RETURN_TYPE = YES_ERROR;
				GCC_WARN_UNDECLARED_SELECTOR = YES;
				GCC_WARN_UNINITIALIZED_AUTOS = YES_AGGRESSIVE;
				GCC_WARN_UNUSED_FUNCTION = YES;
				GCC_WARN_UNUSED_VARIABLE = YES;
				MACOSX_DEPLOYMENT_TARGET = 14.0;
				MTL_ENABLE_DEBUG_INFO = INCLUDE_SOURCE;
				MTL_FAST_MATH = YES;
				ONLY_ACTIVE_ARCH = YES;
				PRODUCT_NAME = "$(TARGET_NAME)";
				SDKROOT = macosx;
				SWIFT_ACTIVE_COMPILATION_CONDITIONS = DEBUG;
				SWIFT_OPTIMIZATION_LEVEL = "-Onone";
				SWIFT_VERSION = 6.0;
			};
			name = Debug;
		};
/* End XCBuildConfiguration section */

/* Begin XCConfigurationList section */
		2B283144A22F913587115E62 /* Build configuration list for PBXProject "TriColumns" */ = {
			isa = XCConfigurationList;
			buildConfigurations = (
				D11B53DD72C7ECDB9BA15C5F /* Debug */,
				09C60B4861D994C6AEBBE07B /* Release */,
			);
			defaultConfigurationIsVisible = 0;
			defaultConfigurationName = Debug;
		};
		78F834F68EEABB832E07462B /* Build configuration list for PBXNativeTarget "TriColumns" */ = {
			isa = XCConfigurationList;
			buildConfigurations = (
				974F5CF2994E64137CA7118F /* Debug */,
				6FFE0E08004EFB6AE0650D14 /* Release */,
			);
			defaultConfigurationIsVisible = 0;
			defaultConfigurationName = Debug;
		};
/* End XCConfigurationList section */
	};
	rootObject = F19C17832C87AE3A12A16DFE /* Project object */;
}
